{
  "name": "@seinopsys/ytmysubs",
  "version": "1.0.0",
  "lockfileVersion": 3,
  "requires": true,
  "packages": {
    "": {
      "name": "@seinopsys/ytmysubs",
      "version": "1.0.0",
      "license": "MIT",
      "devDependencies": {
        "@types/firefox-webext-browser": "^120.0.0"
      }
    },
    "node_modules/@types/firefox-webext-browser": {
      "version": "120.0.0",
      "resolved": "https://registry.npmjs.org/@types/firefox-webext-browser/-/firefox-webext-browser-120.0.0.tgz",
      "integrity": "sha512-L+tDlwNeq0kQGfAYc2sNfKhRWJz9CNRvlbq9HnLibKUiJ3VTThG8sj7xrJF4CtKpEA9eBAr91Z2nnKIAy+xUJg==",
      "dev": true
    }
  }
}
